
Microsoft Visual Studio Solution File, Format Version 12.00
# Visual Studio Version 16
VisualStudioVersion = 16.0.29326.143
MinimumVisualStudioVersion = 10.0.40219.1
Project("{FAE04EC0-301F-11D3-BF4B-00C04F79EFBC}") = "estanciasReseñas", "estanciasReseñas.csproj", "{48C1E630-9B0C-4E81-A835-A90BDD0C8D48}"
EndProject
Global
	GlobalSection(SolutionConfigurationPlatforms) = preSolution
		Debug|Any CPU = Debug|Any CPU
		Release|Any CPU = Release|Any CPU
	EndGlobalSection
	GlobalSection(ProjectConfigurationPlatforms) = postSolution
		{48C1E630-9B0C-4E81-A835-A90BDD0C8D48}.Debug|Any CPU.ActiveCfg = Debug|Any CPU
		{48C1E630-9B0C-4E81-A835-A90BDD0C8D48}.Debug|Any CPU.Build.0 = Debug|Any CPU
		{48C1E630-9B0C-4E81-A835-A90BDD0C8D48}.Release|Any CPU.ActiveCfg = Release|Any CPU
		{48C1E630-9B0C-4E81-A835-A90BDD0C8D48}.Release|Any CPU.Build.0 = Release|Any CPU
	EndGlobalSection
	GlobalSection(SolutionProperties) = preSolution
		HideSolutionNode = FALSE
	EndGlobalSection
	GlobalSection(ExtensibilityGlobals) = postSolution
		SolutionGuid = {14722363-DB54-4198-9DB2-EC62B6681AEF}
	EndGlobalSection
EndGlobal
